
Microsoft Visual Studio Solution File, Format Version 12.00
# Visual Studio Version 17
VisualStudioVersion = 17.1.32319.34
MinimumVisualStudioVersion = 10.0.40219.1
Project("{FAE04EC0-301F-11D3-BF4B-00C04F79EFBC}") = "WinFormsApp1", "WinFormsApp1\WinFormsApp1.csproj", "{C6C501E5-EB49-47E5-B889-F2B984D525FF}"
EndProject
Global
	GlobalSection(SolutionConfigurationPlatforms) = preSolution
		Debug|Any CPU = Debug|Any CPU
		Release|Any CPU = Release|Any CPU
	EndGlobalSection
	GlobalSection(ProjectConfigurationPlatforms) = postSolution
		{C6C501E5-EB49-47E5-B889-F2B984D525FF}.Debug|Any CPU.ActiveCfg = Debug|Any CPU
		{C6C501E5-EB49-47E5-B889-F2B984D525FF}.Debug|Any CPU.Build.0 = Debug|Any CPU
		{C6C501E5-EB49-47E5-B889-F2B984D525FF}.Release|Any CPU.ActiveCfg = Release|Any CPU
		{C6C501E5-EB49-47E5-B889-F2B984D525FF}.Release|Any CPU.Build.0 = Release|Any CPU
	EndGlobalSection
	GlobalSection(SolutionProperties) = preSolution
		HideSolutionNode = FALSE
	EndGlobalSection
	GlobalSection(ExtensibilityGlobals) = postSolution
		SolutionGuid = {E2B7CBB7-B990-49CF-9F34-37ACD39086A2}
	EndGlobalSection
EndGlobal
